// !$*UTF8*$!
{
	archiveVersion = 1;
	classes = {
	};
	objectVersion = 50;
	objects = {

/* Begin PBXBuildFile section */
		38C705D9221BB0D500CFDC57 /* AppDelegate.swift in Sources */ = {isa = PBXBuildFile; fileRef = 38C705D8221BB0D500CFDC57 /* AppDelegate.swift */; };
		38C705DB221BB0D500CFDC57 /* ViewController.swift in Sources */ = {isa = PBXBuildFile; fileRef = 38C705DA221BB0D500CFDC57 /* ViewController.swift */; };
		38C705DE221BB0D500CFDC57 /* Main.storyboard in Resources */ = {isa = PBXBuildFile; fileRef = 38C705DC221BB0D500CFDC57 /* Main.storyboard */; };
		38C705E0221BB0D700CFDC57 /* Assets.xcassets in Resources */ = {isa = PBXBuildFile; fileRef = 38C705DF221BB0D700CFDC57 /* Assets.xcassets */; };
		38C705E3221BB0D700CFDC57 /* LaunchScreen.storyboard in Resources */ = {isa = PBXBuildFile; fileRef = 38C705E1221BB0D700CFDC57 /* LaunchScreen.storyboard */; };
/* End PBXBuildFile section */

/* Begin PBXFileReference section */
		38C705D5221BB0D500CFDC57 /* SamplePushBehaviour.app */ = {isa = PBXFileReference; explicitFileType = wrapper.application; includeInIndex = 0; path = SamplePushBehaviour.app; sourceTree = BUILT_PRODUCTS_DIR; };
		38C705D8221BB0D500CFDC57 /* AppDelegate.swift */ = {isa = PBXFileReference; lastKnownFileType = sourcecode.swift; path = AppDelegate.swift; sourceTree = "<group>"; };
		38C705DA221BB0D500CFDC57 /* ViewController.swift */ = {isa = PBXFileReference; lastKnownFileType = sourcecode.swift; path = ViewController.swift; sourceTree = "<group>"; };
		38C705DD221BB0D500CFDC57 /* Base */ = {isa = PBXFileReference; lastKnownFileType = file.storyboard; name = Base; path = Base.lproj/Main.storyboard; sourceTree = "<group>"; };
		38C705DF221BB0D700CFDC57 /* Assets.xcassets */ = {isa = PBXFileReference; lastKnownFileType = folder.assetcatalog; path = Assets.xcassets; sourceTree = "<group>"; };
		38C705E2221BB0D700CFDC57 /* Base */ = {isa = PBXFileReference; lastKnownFileType = file.storyboard; name = Base; path = Base.lproj/LaunchScreen.storyboard; sourceTree = "<group>"; };
/* End PBXFileReference section */

/* Begin PBXFrameworksBuildPhase section */
		38C705D2221BB0D500CFDC57 /* Frameworks */ = {
			isa = PBXFrameworksBuildPhase;
			buildActionMask = 2147483647;
			files = (
			);
			runOnlyForDeploymentPostprocessing = 0;
		};
/* End PBXFrameworksBuildPhase section */

/* Begin PBXGroup section */
		38C705CC221BB0D500CFDC57 = {
			isa = PBXGroup;
			children = (
				38C705D7221BB0D500CFDC57 /* SamplePushBehaviour */,
				38C705D6221BB0D500CFDC57 /* Products */,
			);
			sourceTree = "<group>";
		};
		38C705D6221BB0D500CFDC57 /* Products */ = {
			isa = PBXGroup;
			children = (
				38C705D5221BB0D500CFDC57 /* SamplePushBehaviour.app */,
			);
			name = Products;
			sourceTree = "<group>";
		};
		38C705D7221BB0D500CFDC57 /* SamplePushBehaviour */ = {
			isa = PBXGroup;
			children = (
				38C705D8221BB0D500CFDC57 /* AppDelegate.swift */,
				38C705DA221BB0D500CFDC57 /* ViewController.swift */,
				38C705DC221BB0D500CFDC57 /* Main.storyboard */,
				38C705DF221BB0D700CFDC57 /* Assets.xcassets */,
				38C705E1221BB0D700CFDC57 /* LaunchScreen.storyboard */,
			);
			path = SamplePushBehaviour;
			sourceTree = "<group>";
		};
/* End PBXGroup section */

/* Begin PBXNativeTarget section */
		38C705D4221BB0D500CFDC57 /* SamplePushBehaviour */ = {
			isa = PBXNativeTarget;
			buildConfigurationList = 38C705E7221BB0D700CFDC57 /* Build configuration list for PBXNativeTarget "SamplePushBehaviour" */;
			buildPhases = (
				38C705D1221BB0D500CFDC57 /* Sources */,
				38C705D2221BB0D500CFDC57 /* Frameworks */,
				38C705D3221BB0D500CFDC57 /* Resources */,
			);
			buildRules = (
			);
			dependencies = (
			);
			name = SamplePushBehaviour;
			productName = SamplePushBehaviour;
			productReference = 38C705D5221BB0D500CFDC57 /* SamplePushBehaviour.app */;
			productType = "com.apple.product-type.application";
		};
/* End PBXNativeTarget section */

/* Begin PBXProject section */
		38C705CD221BB0D500CFDC57 /* Project object */ = {
			isa = PBXProject;
			attributes = {
				LastSwiftUpdateCheck = 1010;
				LastUpgradeCheck = 1010;
				ORGANIZATIONNAME = "Sunil Targe";
				TargetAttributes = {
					38C705D4221BB0D500CFDC57 = {
						CreatedOnToolsVersion = 10.1;
					};
				};
			};
			buildConfigurationList = 38C705D0221BB0D500CFDC57 /* Build configuration list for PBXProject "SamplePushBehaviour" */;
			compatibilityVersion = "Xcode 9.3";
			developmentRegion = en;
			hasScannedForEncodings = 0;
			knownRegions = (
				en,
				Base,
			);
			mainGroup = 38C705CC221BB0D500CFDC57;
			productRefGroup = 38C705D6221BB0D500CFDC57 /* Products */;
			projectDirPath = "";
			projectRoot = "";
			targets = (
				38C705D4221BB0D500CFDC57 /* SamplePushBehaviour */,
			);
		};
/* End PBXProject section */

/* Begin PBXResourcesBuildPhase section */
		38C705D3221BB0D500CFDC57 /* Resources */ = {
			isa = PBXResourcesBuildPhase;
			buildActionMask = 2147483647;
			files = (
				38C705E3221BB0D700CFDC57 /* LaunchScreen.storyboard in Resources */,
				38C705E0221BB0D700CFDC57 /* Assets.xcassets in Resources */,
				38C705DE221BB0D500CFDC57 /* Main.storyboard in Resources */,
			);
			runOnlyForDeploymentPostprocessing = 0;
		};
/* End PBXResourcesBuildPhase section */

/* Begin PBXSourcesBuildPhase section */
		38C705D1221BB0D500CFDC57 /* Sources */ = {
			isa = PBXSourcesBuildPhase;
			buildActionMask = 2147483647;
			files = (
				38C705DB221BB0D500CFDC57 /* ViewController.swift in Sources */,
				38C705D9221BB0D500CFDC57 /* AppDelegate.swift in Sources */,
			);
			runOnlyForDeploymentPostprocessing = 0;
		};
/* End PBXSourcesBuildPhase section */

/* Begin PBXVariantGroup section */
		38C705DC221BB0D500CFDC57 /* Main.storyboard */ = {
			isa = PBXVariantGroup;
			children = (
				38C705DD221BB0D500CFDC57 /* Base */,
			);
			name = Main.storyboard;
			sourceTree = "<group>";
		};
		38C705E1221BB0D700CFDC57 /* LaunchScreen.storyboard */ = {
			isa = PBXVariantGroup;
			children = (
				38C705E2221BB0D700CFDC57 /* Base */,
			);
			name = LaunchScreen.storyboard;
			sourceTree = "<group>";
		};
/* End PBXVariantGroup section */

/* Begin XCBuildConfiguration section */
		38C705E5221BB0D700CFDC57 /* Debug */ = {
			isa = XCBuildConfiguration;
			buildSettings = {
				ALWAYS_SEARCH_USER_PATHS = NO;
				CLANG_ANALYZER_NONNULL = YES;
				CLANG_ANALYZER_NUMBER_OBJECT_CONVERSION = YES_AGGRESSIVE;
				CLANG_CXX_LANGUAGE_STANDARD = "gnu++14";
				CLANG_CXX_LIBRARY = "libc++";
				CLANG_ENABLE_MODULES = YES;
				CLANG_ENABLE_OBJC_ARC = YES;
				CLANG_ENABLE_OBJC_WEAK = YES;
				CLANG_WARN_BLOCK_CAPTURE_AUTORELEASING = YES;
				CLANG_WARN_BOOL_CONVERSION = YES;
				CLANG_WARN_COMMA = YES;
				CLANG_WARN_CONSTANT_CONVERSION = YES;
				CLANG_WARN_DEPRECATED_OBJC_IMPLEMENTATIONS = YES;
				CLANG_WARN_DIRECT_OBJC_ISA_USAGE = YES_ERROR;
				CLANG_WARN_DOCUMENTATION_COMMENTS = YES;
				CLANG_WARN_EMPTY_BODY = YES;
				CLANG_WARN_ENUM_CONVERSION = YES;
				CLANG_WARN_INFINITE_RECURSION = YES;
				CLANG_WARN_INT_CONVERSION = YES;
				CLANG_WARN_NON_LITERAL_NULL_CONVERSION = YES;
				CLANG_WARN_OBJC_IMPLICIT_RETAIN_SELF = YES;
				CLANG_WARN_OBJC_LITERAL_CONVERSION = YES;
				CLANG_WARN_OBJC_ROOT_CLASS = YES_ERROR;
				CLANG_WARN_RANGE_LOOP_ANALYSIS = YES;
				CLANG_WARN_STRICT_PROTOTYPES = YES;
				CLANG_WARN_SUSPICIOUS_MOVE = YES;
				CLANG_WARN_UNGUARDED_AVAILABILITY = YES_AGGRESSIVE;
				CLANG_WARN_UNREACHABLE_CODE = YES;
				CLANG_WARN__DUPLICATE_METHOD_MATCH = YES;
				CODE_SIGN_IDENTITY = "iPhone Developer";
				COPY_PHASE_STRIP = NO;
				DEBUG_INFORMATION_FORMAT = dwarf;
				ENABLE_STRICT_OBJC_MSGSEND = YES;
				ENABLE_TESTABILITY = YES;
				GCC_C_LANGUAGE_STANDARD = gnu11;
				GCC_DYNAMIC_NO_PIC = NO;
				GCC_NO_COMMON_BLOCKS = YES;
				GCC_OPTIMIZATION_LEVEL = 0;
				GCC_PREPROCESSOR_DEFINITIONS = (
					"DEBUG=1",
					"$(inherited)",
				);
				GCC_WARN_64_TO_32_BIT_CONVERSION = YES;
				GCC_WARN_ABOUT_RETURN_TYPE = YES_ERROR;
				GCC_WARN_UNDECLARED_SELECTOR = YES;
				GCC_WARN_UNINITIALIZED_AUTOS = YES_AGGRESSIVE;
				GCC_WARN_UNUSED_FUNCTION = YES;
				GCC_WARN_UNUSED_VARIABLE = YES;
				IPHONEOS_DEPLOYMENT_TARGET = 12.1;
				MTL_ENABLE_DEBUG_INFO = INCLUDE_SOURCE;
				MTL_FAST_MATH = YES;
				ONLY_ACTIVE_ARCH = YES;
				SDKROOT = iphoneos;
				SWIFT_ACTIVE_COMPILATION_CONDITIONS = DEBUG;
				SWIFT_OPTIMIZATION_LEVEL = "-Onone";
			};
			name = Debug;
		};
		38C705E6221BB0D700CFDC57 /* Release */ = {
			isa = XCBuildConfiguration;
			buildSettings = {
				ALWAYS_SEARCH_USER_PATHS = NO;
				CLANG_ANALYZER_NONNULL = YES;
				CLANG_ANALYZER_NUMBER_OBJECT_CONVERSION = YES_AGGRESSIVE;
				CLANG_CXX_LANGUAGE_STANDARD = "gnu++14";
				CLANG_CXX_LIBRARY = "libc++";
				CLANG_ENABLE_MODULES = YES;
				CLANG_ENABLE_OBJC_ARC = YES;
				CLANG_ENABLE_OBJC_WEAK = YES;
				CLANG_WARN_BLOCK_CAPTURE_AUTORELEASING = YES;
				CLANG_WARN_BOOL_CONVERSION = YES;
				CLANG_WARN_COMMA = YES;
				CLANG_WARN_CONSTANT_CONVERSION = YES;
				CLANG_WARN_DEPRECATED_OBJC_IMPLEMENTATIONS = YES;
				CLANG_WARN_DIRECT_OBJC_ISA_USAGE = YES_ERROR;
				CLANG_WARN_DOCUMENTATION_COMMENTS = YES;
				CLANG_WARN_EMPTY_BODY = YES;
				CLANG_WARN_ENUM_CONVERSION = YES;
				CLANG_WARN_INFINITE_RECURSION = YES;
				CLANG_WARN_INT_CONVERSION = YES;
				CLANG_WARN_NON_LITERAL_NULL_CONVERSION = YES;
				CLANG_WARN_OBJC_IMPLICIT_RETAIN_SELF = YES;
				CLANG_WARN_OBJC_LITERAL_CONVERSION = YES;
				CLANG_WARN_OBJC_ROOT_CLASS = YES_ERROR;
				CLANG_WARN_RANGE_LOOP_ANALYSIS = YES;
				CLANG_WARN_STRICT_PROTOTYPES = YES;
				CLANG_WARN_SUSPICIOUS_MOVE = YES;
				CLANG_WARN_UNGUARDED_AVAILABILITY = YES_AGGRESSIVE;
				CLANG_WARN_UNREACHABLE_CODE = YES;
				CLANG_WARN__DUPLICATE_METHOD_MATCH = YES;
				CODE_SIGN_IDENTITY = "iPhone Developer";
				COPY_PHASE_STRIP = NO;
				DEBUG_INFORMATION_FORMAT = "dwarf-with-dsym";
				ENABLE_NS_ASSERTIONS = NO;
				ENABLE_STRICT_OBJC_MSGSEND = YES;
				GCC_C_LANGUAGE_STANDARD = gnu11;
				GCC_NO_COMMON_BLOCKS = YES;
				GCC_WARN_64_TO_32_BIT_CONVERSION = YES;
				GCC_WARN_ABOUT_RETURN_TYPE = YES_ERROR;
				GCC_WARN_UNDECLARED_SELECTOR = YES;
				GCC_WARN_UNINITIALIZED_AUTOS = YES_AGGRESSIVE;
				GCC_WARN_UNUSED_FUNCTION = YES;
				GCC_WARN_UNUSED_VARIABLE = YES;
				IPHONEOS_DEPLOYMENT_TARGET = 12.1;
				MTL_ENABLE_DEBUG_INFO = NO;
				MTL_FAST_MATH = YES;
				SDKROOT = iphoneos;
				SWIFT_COMPILATION_MODE = wholemodule;
				SWIFT_OPTIMIZATION_LEVEL = "-O";
				VALIDATE_PRODUCT = YES;
			};
			name = Release;
		};
		38C705E8221BB0D700CFDC57 /* Debug */ = {
			isa = XCBuildConfiguration;
			buildSettings = {
				ASSETCATALOG_COMPILER_APPICON_NAME = AppIcon;
				CODE_SIGN_STYLE = Automatic;
				DEVELOPMENT_TEAM = BD453P6D6J;
				INFOPLIST_FILE = "$(SRCROOT)/SamplePushBehaviour/Info.plist";
				LD_RUNPATH_SEARCH_PATHS = (
					"$(inherited)",
					"@executable_path/Frameworks",
				);
				PRODUCT_BUNDLE_IDENTIFIER = suniltarge.SamplePushBehaviour;
				PRODUCT_NAME = "$(TARGET_NAME)";
				SWIFT_VERSION = 4.2;
				TARGETED_DEVICE_FAMILY = "1,2";
			};
			name = Debug;
		};
		38C705E9221BB0D700CFDC57 /* Release */ = {
			isa = XCBuildConfiguration;
			buildSettings = {
				ASSETCATALOG_COMPILER_APPICON_NAME = AppIcon;
				CODE_SIGN_STYLE = Automatic;
				DEVELOPMENT_TEAM = BD453P6D6J;
				INFOPLIST_FILE = "$(SRCROOT)/SamplePushBehaviour/Info.plist";
				LD_RUNPATH_SEARCH_PATHS = (
					"$(inherited)",
					"@executable_path/Frameworks",
				);
				PRODUCT_BUNDLE_IDENTIFIER = suniltarge.SamplePushBehaviour;
				PRODUCT_NAME = "$(TARGET_NAME)";
				SWIFT_VERSION = 4.2;
				TARGETED_DEVICE_FAMILY = "1,2";
			};
			name = Release;
		};
/* End XCBuildConfiguration section */

/* Begin XCConfigurationList section */
		38C705D0221BB0D500CFDC57 /* Build configuration list for PBXProject "SamplePushBehaviour" */ = {
			isa = XCConfigurationList;
			buildConfigurations = (
				38C705E5221BB0D700CFDC57 /* Debug */,
				38C705E6221BB0D700CFDC57 /* Release */,
			);
			defaultConfigurationIsVisible = 0;
			defaultConfigurationName = Release;
		};
		38C705E7221BB0D700CFDC57 /* Build configuration list for PBXNativeTarget "SamplePushBehaviour" */ = {
			isa = XCConfigurationList;
			buildConfigurations = (
				38C705E8221BB0D700CFDC57 /* Debug */,
				38C705E9221BB0D700CFDC57 /* Release */,
			);
			defaultConfigurationIsVisible = 0;
			defaultConfigurationName = Release;
		};
/* End XCConfigurationList section */
	};
	rootObject = 38C705CD221BB0D500CFDC57 /* Project object */;
}
